
Microsoft Visual Studio Solution File, Format Version 12.00
# Visual Studio Version 17
VisualStudioVersion = 17.0.31903.59
MinimumVisualStudioVersion = 10.0.40219.1
Project("{2150E333-8FDC-42A3-9474-1A3956D46DE8}") = "src", "src", "{6ED356A7-8B47-4613-AD01-C85CF28491BD}"
EndProject
Project("{2150E333-8FDC-42A3-9474-1A3956D46DE8}") = "Solution Items", "Solution Items", "{E2DA20AA-28D1-455C-BF50-C49A8F831633}"
	ProjectSection(SolutionItems) = preProject
		.editorconfig = .editorconfig
		.gitignore = .gitignore
		global.json = global.json
	EndProjectSection
EndProject
Project("{2150E333-8FDC-42A3-9474-1A3956D46DE8}") = "Api", "Api", "{516149FA-02CC-499D-9321-B59775B8F7E6}"
EndProject
Project("{2150E333-8FDC-42A3-9474-1A3956D46DE8}") = "Common", "Common", "{4AA09C91-60A1-479C-8BDE-9BECD37B35EB}"
EndProject
Project("{2150E333-8FDC-42A3-9474-1A3956D46DE8}") = "Users", "Users", "{2FB6D731-C584-4434-86C4-1857A29BA0C2}"
EndProject
Project("{9A19103F-16F7-4668-BE54-9A1E7A4F7556}") = "Domain", "Domain\Domain.csproj", "{C274C6F8-1BA5-410B-8BB7-D2849BB71D9F}"
EndProject
Project("{9A19103F-16F7-4668-BE54-9A1E7A4F7556}") = "Application.Users", "Application.Users\Application.Users.csproj", "{977A44EF-F861-4A06-8872-65EC313BBF79}"
EndProject
Project("{9A19103F-16F7-4668-BE54-9A1E7A4F7556}") = "Infrastructure.Users", "Infrastructure.Users\Infrastructure.Users.csproj", "{3E1C122A-FCE5-49D0-ADCD-B05EEC37CDD2}"
EndProject
Project("{9A19103F-16F7-4668-BE54-9A1E7A4F7556}") = "Infrastructure.Common", "Infrastructure.Common\Infrastructure.Common.csproj", "{6F9B990E-5408-41D3-A6D7-AE8DF73C4369}"
EndProject
Project("{9A19103F-16F7-4668-BE54-9A1E7A4F7556}") = "Application.Common", "Application.Common\Application.Common.csproj", "{27BADE47-BAD3-4B42-93D7-DE209A2BA640}"
EndProject
Project("{9A19103F-16F7-4668-BE54-9A1E7A4F7556}") = "Application", "Application\Application.csproj", "{B99215D9-6C95-4C5B-BBF9-FBC96E2F3658}"
EndProject
Global
	GlobalSection(SolutionConfigurationPlatforms) = preSolution
		Debug|Any CPU = Debug|Any CPU
		Release|Any CPU = Release|Any CPU
	EndGlobalSection
	GlobalSection(ProjectConfigurationPlatforms) = postSolution
		{C274C6F8-1BA5-410B-8BB7-D2849BB71D9F}.Debug|Any CPU.ActiveCfg = Debug|Any CPU
		{C274C6F8-1BA5-410B-8BB7-D2849BB71D9F}.Debug|Any CPU.Build.0 = Debug|Any CPU
		{C274C6F8-1BA5-410B-8BB7-D2849BB71D9F}.Release|Any CPU.ActiveCfg = Release|Any CPU
		{C274C6F8-1BA5-410B-8BB7-D2849BB71D9F}.Release|Any CPU.Build.0 = Release|Any CPU
		{977A44EF-F861-4A06-8872-65EC313BBF79}.Debug|Any CPU.ActiveCfg = Debug|Any CPU
		{977A44EF-F861-4A06-8872-65EC313BBF79}.Debug|Any CPU.Build.0 = Debug|Any CPU
		{977A44EF-F861-4A06-8872-65EC313BBF79}.Release|Any CPU.ActiveCfg = Release|Any CPU
		{977A44EF-F861-4A06-8872-65EC313BBF79}.Release|Any CPU.Build.0 = Release|Any CPU
		{3E1C122A-FCE5-49D0-ADCD-B05EEC37CDD2}.Debug|Any CPU.ActiveCfg = Debug|Any CPU
		{3E1C122A-FCE5-49D0-ADCD-B05EEC37CDD2}.Debug|Any CPU.Build.0 = Debug|Any CPU
		{3E1C122A-FCE5-49D0-ADCD-B05EEC37CDD2}.Release|Any CPU.ActiveCfg = Release|Any CPU
		{3E1C122A-FCE5-49D0-ADCD-B05EEC37CDD2}.Release|Any CPU.Build.0 = Release|Any CPU
		{6F9B990E-5408-41D3-A6D7-AE8DF73C4369}.Debug|Any CPU.ActiveCfg = Debug|Any CPU
		{6F9B990E-5408-41D3-A6D7-AE8DF73C4369}.Debug|Any CPU.Build.0 = Debug|Any CPU
		{6F9B990E-5408-41D3-A6D7-AE8DF73C4369}.Release|Any CPU.ActiveCfg = Release|Any CPU
		{6F9B990E-5408-41D3-A6D7-AE8DF73C4369}.Release|Any CPU.Build.0 = Release|Any CPU
		{27BADE47-BAD3-4B42-93D7-DE209A2BA640}.Debug|Any CPU.ActiveCfg = Debug|Any CPU
		{27BADE47-BAD3-4B42-93D7-DE209A2BA640}.Debug|Any CPU.Build.0 = Debug|Any CPU
		{27BADE47-BAD3-4B42-93D7-DE209A2BA640}.Release|Any CPU.ActiveCfg = Release|Any CPU
		{27BADE47-BAD3-4B42-93D7-DE209A2BA640}.Release|Any CPU.Build.0 = Release|Any CPU
		{B99215D9-6C95-4C5B-BBF9-FBC96E2F3658}.Debug|Any CPU.ActiveCfg = Debug|Any CPU
		{B99215D9-6C95-4C5B-BBF9-FBC96E2F3658}.Debug|Any CPU.Build.0 = Debug|Any CPU
		{B99215D9-6C95-4C5B-BBF9-FBC96E2F3658}.Release|Any CPU.ActiveCfg = Release|Any CPU
		{B99215D9-6C95-4C5B-BBF9-FBC96E2F3658}.Release|Any CPU.Build.0 = Release|Any CPU
	EndGlobalSection
	GlobalSection(SolutionProperties) = preSolution
		HideSolutionNode = FALSE
	EndGlobalSection
	GlobalSection(NestedProjects) = preSolution
		{516149FA-02CC-499D-9321-B59775B8F7E6} = {6ED356A7-8B47-4613-AD01-C85CF28491BD}
		{4AA09C91-60A1-479C-8BDE-9BECD37B35EB} = {6ED356A7-8B47-4613-AD01-C85CF28491BD}
		{2FB6D731-C584-4434-86C4-1857A29BA0C2} = {6ED356A7-8B47-4613-AD01-C85CF28491BD}
		{C274C6F8-1BA5-410B-8BB7-D2849BB71D9F} = {4AA09C91-60A1-479C-8BDE-9BECD37B35EB}
		{977A44EF-F861-4A06-8872-65EC313BBF79} = {2FB6D731-C584-4434-86C4-1857A29BA0C2}
		{3E1C122A-FCE5-49D0-ADCD-B05EEC37CDD2} = {2FB6D731-C584-4434-86C4-1857A29BA0C2}
		{6F9B990E-5408-41D3-A6D7-AE8DF73C4369} = {4AA09C91-60A1-479C-8BDE-9BECD37B35EB}
		{27BADE47-BAD3-4B42-93D7-DE209A2BA640} = {4AA09C91-60A1-479C-8BDE-9BECD37B35EB}
		{B99215D9-6C95-4C5B-BBF9-FBC96E2F3658} = {516149FA-02CC-499D-9321-B59775B8F7E6}
	EndGlobalSection
	GlobalSection(ExtensibilityGlobals) = postSolution
		SolutionGuid = {3CB609D9-5D54-4C11-A371-DAAC8B74E430}
	EndGlobalSection
EndGlobal
